// !$*UTF8*$!
{
	archiveVersion = 1;
	classes = {
	};
	objectVersion = 50;
	objects = {

/* Begin PBXBuildFile section */
		558B1E652376F2BE0081E5DD /* NSAttributedString+Ext.swift in Sources */ = {isa = PBXBuildFile; fileRef = 558B1E642376F2BE0081E5DD /* NSAttributedString+Ext.swift */; };
		558B1E672376F8130081E5DD /* Double+Ext.swift in Sources */ = {isa = PBXBuildFile; fileRef = 558B1E662376F8130081E5DD /* Double+Ext.swift */; };
		55A51250237720CD002EE669 /* String+Ext.swift in Sources */ = {isa = PBXBuildFile; fileRef = 55A5124F237720CD002EE669 /* String+Ext.swift */; };
		55E8304E237313FD0063054C /* AppDelegate.swift in Sources */ = {isa = PBXBuildFile; fileRef = 55E8304D237313FD0063054C /* AppDelegate.swift */; };
		55E83050237313FD0063054C /* SceneDelegate.swift in Sources */ = {isa = PBXBuildFile; fileRef = 55E8304F237313FD0063054C /* SceneDelegate.swift */; };
		55E83055237313FD0063054C /* Main.storyboard in Resources */ = {isa = PBXBuildFile; fileRef = 55E83053237313FD0063054C /* Main.storyboard */; };
		55E83057237313FF0063054C /* Assets.xcassets in Resources */ = {isa = PBXBuildFile; fileRef = 55E83056237313FF0063054C /* Assets.xcassets */; };
		55E8305A237313FF0063054C /* LaunchScreen.storyboard in Resources */ = {isa = PBXBuildFile; fileRef = 55E83058237313FF0063054C /* LaunchScreen.storyboard */; };
		55E830642373155A0063054C /* StoryBoarded.swift in Sources */ = {isa = PBXBuildFile; fileRef = 55E830622373155A0063054C /* StoryBoarded.swift */; };
		55E830672373159C0063054C /* MainTabBarController.swift in Sources */ = {isa = PBXBuildFile; fileRef = 55E830662373159C0063054C /* MainTabBarController.swift */; };
		55E8306D237316EC0063054C /* ResultVC.swift in Sources */ = {isa = PBXBuildFile; fileRef = 55E8306C237316EC0063054C /* ResultVC.swift */; };
		55E8307023731F230063054C /* InputVC.swift in Sources */ = {isa = PBXBuildFile; fileRef = 55E8306F23731F230063054C /* InputVC.swift */; };
		55E830AF23732C830063054C /* InputViewCell.swift in Sources */ = {isa = PBXBuildFile; fileRef = 55E830AE23732C830063054C /* InputViewCell.swift */; };
		55E830C423733F940063054C /* InputStorage.swift in Sources */ = {isa = PBXBuildFile; fileRef = 55E830C323733F940063054C /* InputStorage.swift */; };
		55E830C92373E3D50063054C /* InputData.swift in Sources */ = {isa = PBXBuildFile; fileRef = 55E830C82373E3D50063054C /* InputData.swift */; };
		55E830CB2373E4670063054C /* DynamicFonts.swift in Sources */ = {isa = PBXBuildFile; fileRef = 55E830CA2373E4670063054C /* DynamicFonts.swift */; };
		55E830CD2373E6E50063054C /* InputDataTests.swift in Sources */ = {isa = PBXBuildFile; fileRef = 55E830CC2373E6E50063054C /* InputDataTests.swift */; };
		55E830D52373F09F0063054C /* ThreeViewChallengeUITests.swift in Sources */ = {isa = PBXBuildFile; fileRef = 55E830D42373F09F0063054C /* ThreeViewChallengeUITests.swift */; };
/* End PBXBuildFile section */

/* Begin PBXContainerItemProxy section */
		55E830BB237338B50063054C /* PBXContainerItemProxy */ = {
			isa = PBXContainerItemProxy;
			containerPortal = 55E83042237313FD0063054C /* Project object */;
			proxyType = 1;
			remoteGlobalIDString = 55E83049237313FD0063054C;
			remoteInfo = ThreeViewChallenge;
		};
		55E830D72373F09F0063054C /* PBXContainerItemProxy */ = {
			isa = PBXContainerItemProxy;
			containerPortal = 55E83042237313FD0063054C /* Project object */;
			proxyType = 1;
			remoteGlobalIDString = 55E83049237313FD0063054C;
			remoteInfo = ThreeViewChallenge;
		};
/* End PBXContainerItemProxy section */

/* Begin PBXFileReference section */
		558B1E642376F2BE0081E5DD /* NSAttributedString+Ext.swift */ = {isa = PBXFileReference; lastKnownFileType = sourcecode.swift; path = "NSAttributedString+Ext.swift"; sourceTree = SOURCE_ROOT; };
		558B1E662376F8130081E5DD /* Double+Ext.swift */ = {isa = PBXFileReference; lastKnownFileType = sourcecode.swift; path = "Double+Ext.swift"; sourceTree = "<group>"; };
		55A5124F237720CD002EE669 /* String+Ext.swift */ = {isa = PBXFileReference; lastKnownFileType = sourcecode.swift; path = "String+Ext.swift"; sourceTree = SOURCE_ROOT; };
		55E8304A237313FD0063054C /* ThreeViewChallenge.app */ = {isa = PBXFileReference; explicitFileType = wrapper.application; includeInIndex = 0; path = ThreeViewChallenge.app; sourceTree = BUILT_PRODUCTS_DIR; };
		55E8304D237313FD0063054C /* AppDelegate.swift */ = {isa = PBXFileReference; lastKnownFileType = sourcecode.swift; path = AppDelegate.swift; sourceTree = "<group>"; };
		55E8304F237313FD0063054C /* SceneDelegate.swift */ = {isa = PBXFileReference; lastKnownFileType = sourcecode.swift; path = SceneDelegate.swift; sourceTree = "<group>"; };
		55E83054237313FD0063054C /* Base */ = {isa = PBXFileReference; lastKnownFileType = file.storyboard; name = Base; path = Base.lproj/Main.storyboard; sourceTree = "<group>"; };
		55E83056237313FF0063054C /* Assets.xcassets */ = {isa = PBXFileReference; lastKnownFileType = folder.assetcatalog; path = Assets.xcassets; sourceTree = "<group>"; };
		55E83059237313FF0063054C /* Base */ = {isa = PBXFileReference; lastKnownFileType = file.storyboard; name = Base; path = Base.lproj/LaunchScreen.storyboard; sourceTree = "<group>"; };
		55E8305B237313FF0063054C /* Info.plist */ = {isa = PBXFileReference; lastKnownFileType = text.plist.xml; path = Info.plist; sourceTree = "<group>"; };
		55E830622373155A0063054C /* StoryBoarded.swift */ = {isa = PBXFileReference; fileEncoding = 4; lastKnownFileType = sourcecode.swift; path = StoryBoarded.swift; sourceTree = "<group>"; };
		55E830662373159C0063054C /* MainTabBarController.swift */ = {isa = PBXFileReference; lastKnownFileType = sourcecode.swift; path = MainTabBarController.swift; sourceTree = "<group>"; };
		55E8306C237316EC0063054C /* ResultVC.swift */ = {isa = PBXFileReference; lastKnownFileType = sourcecode.swift; path = ResultVC.swift; sourceTree = "<group>"; };
		55E8306F23731F230063054C /* InputVC.swift */ = {isa = PBXFileReference; lastKnownFileType = sourcecode.swift; path = InputVC.swift; sourceTree = "<group>"; };
		55E830AE23732C830063054C /* InputViewCell.swift */ = {isa = PBXFileReference; lastKnownFileType = sourcecode.swift; path = InputViewCell.swift; sourceTree = "<group>"; };
		55E830B6237338B50063054C /* ThreeViewChallengeTests.xctest */ = {isa = PBXFileReference; explicitFileType = wrapper.cfbundle; includeInIndex = 0; path = ThreeViewChallengeTests.xctest; sourceTree = BUILT_PRODUCTS_DIR; };
		55E830BA237338B50063054C /* Info.plist */ = {isa = PBXFileReference; lastKnownFileType = text.plist.xml; path = Info.plist; sourceTree = "<group>"; };
		55E830C323733F940063054C /* InputStorage.swift */ = {isa = PBXFileReference; lastKnownFileType = sourcecode.swift; path = InputStorage.swift; sourceTree = "<group>"; };
		55E830C82373E3D50063054C /* InputData.swift */ = {isa = PBXFileReference; lastKnownFileType = sourcecode.swift; path = InputData.swift; sourceTree = "<group>"; };
		55E830CA2373E4670063054C /* DynamicFonts.swift */ = {isa = PBXFileReference; lastKnownFileType = sourcecode.swift; path = DynamicFonts.swift; sourceTree = "<group>"; };
		55E830CC2373E6E50063054C /* InputDataTests.swift */ = {isa = PBXFileReference; lastKnownFileType = sourcecode.swift; path = InputDataTests.swift; sourceTree = "<group>"; };
		55E830D22373F09F0063054C /* ThreeViewChallengeUITests.xctest */ = {isa = PBXFileReference; explicitFileType = wrapper.cfbundle; includeInIndex = 0; path = ThreeViewChallengeUITests.xctest; sourceTree = BUILT_PRODUCTS_DIR; };
		55E830D42373F09F0063054C /* ThreeViewChallengeUITests.swift */ = {isa = PBXFileReference; lastKnownFileType = sourcecode.swift; path = ThreeViewChallengeUITests.swift; sourceTree = "<group>"; };
		55E830D62373F09F0063054C /* Info.plist */ = {isa = PBXFileReference; lastKnownFileType = text.plist.xml; path = Info.plist; sourceTree = "<group>"; };
/* End PBXFileReference section */

/* Begin PBXFrameworksBuildPhase section */
		55E83047237313FD0063054C /* Frameworks */ = {
			isa = PBXFrameworksBuildPhase;
			buildActionMask = 2147483647;
			files = (
			);
			runOnlyForDeploymentPostprocessing = 0;
		};
		55E830B3237338B50063054C /* Frameworks */ = {
			isa = PBXFrameworksBuildPhase;
			buildActionMask = 2147483647;
			files = (
			);
			runOnlyForDeploymentPostprocessing = 0;
		};
		55E830CF2373F09F0063054C /* Frameworks */ = {
			isa = PBXFrameworksBuildPhase;
			buildActionMask = 2147483647;
			files = (
			);
			runOnlyForDeploymentPostprocessing = 0;
		};
/* End PBXFrameworksBuildPhase section */

/* Begin PBXGroup section */
		558B1E632376F2A60081E5DD /* Extension */ = {
			isa = PBXGroup;
			children = (
				558B1E642376F2BE0081E5DD /* NSAttributedString+Ext.swift */,
				558B1E662376F8130081E5DD /* Double+Ext.swift */,
				55A5124F237720CD002EE669 /* String+Ext.swift */,
			);
			path = Extension;
			sourceTree = "<group>";
		};
		55E83041237313FD0063054C = {
			isa = PBXGroup;
			children = (
				55E8304C237313FD0063054C /* ThreeViewChallenge */,
				55E830B7237338B50063054C /* ThreeViewChallengeTests */,
				55E830D32373F09F0063054C /* ThreeViewChallengeUITests */,
				55E8304B237313FD0063054C /* Products */,
			);
			sourceTree = "<group>";
		};
		55E8304B237313FD0063054C /* Products */ = {
			isa = PBXGroup;
			children = (
				55E8304A237313FD0063054C /* ThreeViewChallenge.app */,
				55E830B6237338B50063054C /* ThreeViewChallengeTests.xctest */,
				55E830D22373F09F0063054C /* ThreeViewChallengeUITests.xctest */,
			);
			name = Products;
			sourceTree = "<group>";
		};
		55E8304C237313FD0063054C /* ThreeViewChallenge */ = {
			isa = PBXGroup;
			children = (
				55E8304D237313FD0063054C /* AppDelegate.swift */,
				55E8304F237313FD0063054C /* SceneDelegate.swift */,
				55E83053237313FD0063054C /* Main.storyboard */,
				55E8306E237316FF0063054C /* Controller */,
				55E830AD23732C6E0063054C /* Views */,
				55E830C223733F820063054C /* Model */,
				558B1E632376F2A60081E5DD /* Extension */,
				55E830C5237364F90063054C /* Utilities */,
				55E830612373155A0063054C /* Protocols */,
				55E83058237313FF0063054C /* LaunchScreen.storyboard */,
				55E8305B237313FF0063054C /* Info.plist */,
			);
			path = ThreeViewChallenge;
			sourceTree = "<group>";
		};
		55E830612373155A0063054C /* Protocols */ = {
			isa = PBXGroup;
			children = (
				55E830622373155A0063054C /* StoryBoarded.swift */,
			);
			path = Protocols;
			sourceTree = "<group>";
		};
		55E8306E237316FF0063054C /* Controller */ = {
			isa = PBXGroup;
			children = (
				55E83056237313FF0063054C /* Assets.xcassets */,
				55E830662373159C0063054C /* MainTabBarController.swift */,
				55E8306F23731F230063054C /* InputVC.swift */,
				55E8306C237316EC0063054C /* ResultVC.swift */,
			);
			path = Controller;
			sourceTree = "<group>";
		};
		55E830AD23732C6E0063054C /* Views */ = {
			isa = PBXGroup;
			children = (
				55E830AE23732C830063054C /* InputViewCell.swift */,
			);
			path = Views;
			sourceTree = "<group>";
		};
		55E830B7237338B50063054C /* ThreeViewChallengeTests */ = {
			isa = PBXGroup;
			children = (
				55E830CC2373E6E50063054C /* InputDataTests.swift */,
				55E830BA237338B50063054C /* Info.plist */,
			);
			path = ThreeViewChallengeTests;
			sourceTree = "<group>";
		};
		55E830C223733F820063054C /* Model */ = {
			isa = PBXGroup;
			children = (
				55E830C323733F940063054C /* InputStorage.swift */,
				55E830C82373E3D50063054C /* InputData.swift */,
			);
			path = Model;
			sourceTree = "<group>";
		};
		55E830C5237364F90063054C /* Utilities */ = {
			isa = PBXGroup;
			children = (
				55E830CA2373E4670063054C /* DynamicFonts.swift */,
			);
			path = Utilities;
			sourceTree = "<group>";
		};
		55E830D32373F09F0063054C /* ThreeViewChallengeUITests */ = {
			isa = PBXGroup;
			children = (
				55E830D42373F09F0063054C /* ThreeViewChallengeUITests.swift */,
				55E830D62373F09F0063054C /* Info.plist */,
			);
			path = ThreeViewChallengeUITests;
			sourceTree = "<group>";
		};
/* End PBXGroup section */

/* Begin PBXNativeTarget section */
		55E83049237313FD0063054C /* ThreeViewChallenge */ = {
			isa = PBXNativeTarget;
			buildConfigurationList = 55E8305E237313FF0063054C /* Build configuration list for PBXNativeTarget "ThreeViewChallenge" */;
			buildPhases = (
				55E83046237313FD0063054C /* Sources */,
				55E83047237313FD0063054C /* Frameworks */,
				55E83048237313FD0063054C /* Resources */,
				55596BE323749FA3005A22F3 /* ShellScript */,
			);
			buildRules = (
			);
			dependencies = (
			);
			name = ThreeViewChallenge;
			productName = ThreeViewChallenge;
			productReference = 55E8304A237313FD0063054C /* ThreeViewChallenge.app */;
			productType = "com.apple.product-type.application";
		};
		55E830B5237338B50063054C /* ThreeViewChallengeTests */ = {
			isa = PBXNativeTarget;
			buildConfigurationList = 55E830BD237338B50063054C /* Build configuration list for PBXNativeTarget "ThreeViewChallengeTests" */;
			buildPhases = (
				55E830B2237338B50063054C /* Sources */,
				55E830B3237338B50063054C /* Frameworks */,
				55E830B4237338B50063054C /* Resources */,
			);
			buildRules = (
			);
			dependencies = (
				55E830BC237338B50063054C /* PBXTargetDependency */,
			);
			name = ThreeViewChallengeTests;
			productName = ThreeViewChallengeTests;
			productReference = 55E830B6237338B50063054C /* ThreeViewChallengeTests.xctest */;
			productType = "com.apple.product-type.bundle.unit-test";
		};
		55E830D12373F09F0063054C /* ThreeViewChallengeUITests */ = {
			isa = PBXNativeTarget;
			buildConfigurationList = 55E830D92373F09F0063054C /* Build configuration list for PBXNativeTarget "ThreeViewChallengeUITests" */;
			buildPhases = (
				55E830CE2373F09F0063054C /* Sources */,
				55E830CF2373F09F0063054C /* Frameworks */,
				55E830D02373F09F0063054C /* Resources */,
			);
			buildRules = (
			);
			dependencies = (
				55E830D82373F09F0063054C /* PBXTargetDependency */,
			);
			name = ThreeViewChallengeUITests;
			productName = ThreeViewChallengeUITests;
			productReference = 55E830D22373F09F0063054C /* ThreeViewChallengeUITests.xctest */;
			productType = "com.apple.product-type.bundle.ui-testing";
		};
/* End PBXNativeTarget section */

/* Begin PBXProject section */
		55E83042237313FD0063054C /* Project object */ = {
			isa = PBXProject;
			attributes = {
				LastSwiftUpdateCheck = 1120;
				LastUpgradeCheck = 1120;
				ORGANIZATIONNAME = com.jaakkokentta;
				TargetAttributes = {
					55E83049237313FD0063054C = {
						CreatedOnToolsVersion = 11.2;
					};
					55E830B5237338B50063054C = {
						CreatedOnToolsVersion = 11.2;
						TestTargetID = 55E83049237313FD0063054C;
					};
					55E830D12373F09F0063054C = {
						CreatedOnToolsVersion = 11.2;
						TestTargetID = 55E83049237313FD0063054C;
					};
				};
			};
			buildConfigurationList = 55E83045237313FD0063054C /* Build configuration list for PBXProject "ThreeViewChallenge" */;
			compatibilityVersion = "Xcode 9.3";
			developmentRegion = en;
			hasScannedForEncodings = 0;
			knownRegions = (
				en,
				Base,
			);
			mainGroup = 55E83041237313FD0063054C;
			productRefGroup = 55E8304B237313FD0063054C /* Products */;
			projectDirPath = "";
			projectRoot = "";
			targets = (
				55E83049237313FD0063054C /* ThreeViewChallenge */,
				55E830B5237338B50063054C /* ThreeViewChallengeTests */,
				55E830D12373F09F0063054C /* ThreeViewChallengeUITests */,
			);
		};
/* End PBXProject section */

/* Begin PBXResourcesBuildPhase section */
		55E83048237313FD0063054C /* Resources */ = {
			isa = PBXResourcesBuildPhase;
			buildActionMask = 2147483647;
			files = (
				55E8305A237313FF0063054C /* LaunchScreen.storyboard in Resources */,
				55E83057237313FF0063054C /* Assets.xcassets in Resources */,
				55E83055237313FD0063054C /* Main.storyboard in Resources */,
			);
			runOnlyForDeploymentPostprocessing = 0;
		};
		55E830B4237338B50063054C /* Resources */ = {
			isa = PBXResourcesBuildPhase;
			buildActionMask = 2147483647;
			files = (
			);
			runOnlyForDeploymentPostprocessing = 0;
		};
		55E830D02373F09F0063054C /* Resources */ = {
			isa = PBXResourcesBuildPhase;
			buildActionMask = 2147483647;
			files = (
			);
			runOnlyForDeploymentPostprocessing = 0;
		};
/* End PBXResourcesBuildPhase section */

/* Begin PBXShellScriptBuildPhase section */
		55596BE323749FA3005A22F3 /* ShellScript */ = {
			isa = PBXShellScriptBuildPhase;
			buildActionMask = 2147483647;
			files = (
			);
			inputFileListPaths = (
			);
			inputPaths = (
			);
			outputFileListPaths = (
			);
			outputPaths = (
			);
			runOnlyForDeploymentPostprocessing = 0;
			shellPath = /bin/sh;
			shellScript = "if which swiftlint >/dev/null; then\n  swiftlint\nelse\n  echo \"warning: SwiftLint not installed, download from https://github.com/realm/SwiftLint\"\nfi\n";
		};
/* End PBXShellScriptBuildPhase section */

/* Begin PBXSourcesBuildPhase section */
		55E83046237313FD0063054C /* Sources */ = {
			isa = PBXSourcesBuildPhase;
			buildActionMask = 2147483647;
			files = (
				55E8306D237316EC0063054C /* ResultVC.swift in Sources */,
				55E8304E237313FD0063054C /* AppDelegate.swift in Sources */,
				55E8307023731F230063054C /* InputVC.swift in Sources */,
				55A51250237720CD002EE669 /* String+Ext.swift in Sources */,
				55E830C423733F940063054C /* InputStorage.swift in Sources */,
				55E830C92373E3D50063054C /* InputData.swift in Sources */,
				55E830672373159C0063054C /* MainTabBarController.swift in Sources */,
				55E830AF23732C830063054C /* InputViewCell.swift in Sources */,
				55E83050237313FD0063054C /* SceneDelegate.swift in Sources */,
				55E830642373155A0063054C /* StoryBoarded.swift in Sources */,
				558B1E652376F2BE0081E5DD /* NSAttributedString+Ext.swift in Sources */,
				558B1E672376F8130081E5DD /* Double+Ext.swift in Sources */,
				55E830CB2373E4670063054C /* DynamicFonts.swift in Sources */,
			);
			runOnlyForDeploymentPostprocessing = 0;
		};
		55E830B2237338B50063054C /* Sources */ = {
			isa = PBXSourcesBuildPhase;
			buildActionMask = 2147483647;
			files = (
				55E830CD2373E6E50063054C /* InputDataTests.swift in Sources */,
			);
			runOnlyForDeploymentPostprocessing = 0;
		};
		55E830CE2373F09F0063054C /* Sources */ = {
			isa = PBXSourcesBuildPhase;
			buildActionMask = 2147483647;
			files = (
				55E830D52373F09F0063054C /* ThreeViewChallengeUITests.swift in Sources */,
			);
			runOnlyForDeploymentPostprocessing = 0;
		};
/* End PBXSourcesBuildPhase section */

/* Begin PBXTargetDependency section */
		55E830BC237338B50063054C /* PBXTargetDependency */ = {
			isa = PBXTargetDependency;
			target = 55E83049237313FD0063054C /* ThreeViewChallenge */;
			targetProxy = 55E830BB237338B50063054C /* PBXContainerItemProxy */;
		};
		55E830D82373F09F0063054C /* PBXTargetDependency */ = {
			isa = PBXTargetDependency;
			target = 55E83049237313FD0063054C /* ThreeViewChallenge */;
			targetProxy = 55E830D72373F09F0063054C /* PBXContainerItemProxy */;
		};
/* End PBXTargetDependency section */

/* Begin PBXVariantGroup section */
		55E83053237313FD0063054C /* Main.storyboard */ = {
			isa = PBXVariantGroup;
			children = (
				55E83054237313FD0063054C /* Base */,
			);
			name = Main.storyboard;
			sourceTree = "<group>";
		};
		55E83058237313FF0063054C /* LaunchScreen.storyboard */ = {
			isa = PBXVariantGroup;
			children = (
				55E83059237313FF0063054C /* Base */,
			);
			name = LaunchScreen.storyboard;
			sourceTree = "<group>";
		};
/* End PBXVariantGroup section */

/* Begin XCBuildConfiguration section */
		55E8305C237313FF0063054C /* Debug */ = {
			isa = XCBuildConfiguration;
			buildSettings = {
				ALWAYS_SEARCH_USER_PATHS = NO;
				CLANG_ANALYZER_NONNULL = YES;
				CLANG_ANALYZER_NUMBER_OBJECT_CONVERSION = YES_AGGRESSIVE;
				CLANG_CXX_LANGUAGE_STANDARD = "gnu++14";
				CLANG_CXX_LIBRARY = "libc++";
				CLANG_ENABLE_MODULES = YES;
				CLANG_ENABLE_OBJC_ARC = YES;
				CLANG_ENABLE_OBJC_WEAK = YES;
				CLANG_WARN_BLOCK_CAPTURE_AUTORELEASING = YES;
				CLANG_WARN_BOOL_CONVERSION = YES;
				CLANG_WARN_COMMA = YES;
				CLANG_WARN_CONSTANT_CONVERSION = YES;
				CLANG_WARN_DEPRECATED_OBJC_IMPLEMENTATIONS = YES;
				CLANG_WARN_DIRECT_OBJC_ISA_USAGE = YES_ERROR;
				CLANG_WARN_DOCUMENTATION_COMMENTS = YES;
				CLANG_WARN_EMPTY_BODY = YES;
				CLANG_WARN_ENUM_CONVERSION = YES;
				CLANG_WARN_INFINITE_RECURSION = YES;
				CLANG_WARN_INT_CONVERSION = YES;
				CLANG_WARN_NON_LITERAL_NULL_CONVERSION = YES;
				CLANG_WARN_OBJC_IMPLICIT_RETAIN_SELF = YES;
				CLANG_WARN_OBJC_LITERAL_CONVERSION = YES;
				CLANG_WARN_OBJC_ROOT_CLASS = YES_ERROR;
				CLANG_WARN_RANGE_LOOP_ANALYSIS = YES;
				CLANG_WARN_STRICT_PROTOTYPES = YES;
				CLANG_WARN_SUSPICIOUS_MOVE = YES;
				CLANG_WARN_UNGUARDED_AVAILABILITY = YES_AGGRESSIVE;
				CLANG_WARN_UNREACHABLE_CODE = YES;
				CLANG_WARN__DUPLICATE_METHOD_MATCH = YES;
				COPY_PHASE_STRIP = NO;
				DEBUG_INFORMATION_FORMAT = dwarf;
				ENABLE_STRICT_OBJC_MSGSEND = YES;
				ENABLE_TESTABILITY = YES;
				GCC_C_LANGUAGE_STANDARD = gnu11;
				GCC_DYNAMIC_NO_PIC = NO;
				GCC_NO_COMMON_BLOCKS = YES;
				GCC_OPTIMIZATION_LEVEL = 0;
				GCC_PREPROCESSOR_DEFINITIONS = (
					"DEBUG=1",
					"$(inherited)",
				);
				GCC_WARN_64_TO_32_BIT_CONVERSION = YES;
				GCC_WARN_ABOUT_RETURN_TYPE = YES_ERROR;
				GCC_WARN_UNDECLARED_SELECTOR = YES;
				GCC_WARN_UNINITIALIZED_AUTOS = YES_AGGRESSIVE;
				GCC_WARN_UNUSED_FUNCTION = YES;
				GCC_WARN_UNUSED_VARIABLE = YES;
				IPHONEOS_DEPLOYMENT_TARGET = 13.2;
				MTL_ENABLE_DEBUG_INFO = INCLUDE_SOURCE;
				MTL_FAST_MATH = YES;
				ONLY_ACTIVE_ARCH = YES;
				SDKROOT = iphoneos;
				SWIFT_ACTIVE_COMPILATION_CONDITIONS = DEBUG;
				SWIFT_OPTIMIZATION_LEVEL = "-Onone";
			};
			name = Debug;
		};
		55E8305D237313FF0063054C /* Release */ = {
			isa = XCBuildConfiguration;
			buildSettings = {
				ALWAYS_SEARCH_USER_PATHS = NO;
				CLANG_ANALYZER_NONNULL = YES;
				CLANG_ANALYZER_NUMBER_OBJECT_CONVERSION = YES_AGGRESSIVE;
				CLANG_CXX_LANGUAGE_STANDARD = "gnu++14";
				CLANG_CXX_LIBRARY = "libc++";
				CLANG_ENABLE_MODULES = YES;
				CLANG_ENABLE_OBJC_ARC = YES;
				CLANG_ENABLE_OBJC_WEAK = YES;
				CLANG_WARN_BLOCK_CAPTURE_AUTORELEASING = YES;
				CLANG_WARN_BOOL_CONVERSION = YES;
				CLANG_WARN_COMMA = YES;
				CLANG_WARN_CONSTANT_CONVERSION = YES;
				CLANG_WARN_DEPRECATED_OBJC_IMPLEMENTATIONS = YES;
				CLANG_WARN_DIRECT_OBJC_ISA_USAGE = YES_ERROR;
				CLANG_WARN_DOCUMENTATION_COMMENTS = YES;
				CLANG_WARN_EMPTY_BODY = YES;
				CLANG_WARN_ENUM_CONVERSION = YES;
				CLANG_WARN_INFINITE_RECURSION = YES;
				CLANG_WARN_INT_CONVERSION = YES;
				CLANG_WARN_NON_LITERAL_NULL_CONVERSION = YES;
				CLANG_WARN_OBJC_IMPLICIT_RETAIN_SELF = YES;
				CLANG_WARN_OBJC_LITERAL_CONVERSION = YES;
				CLANG_WARN_OBJC_ROOT_CLASS = YES_ERROR;
				CLANG_WARN_RANGE_LOOP_ANALYSIS = YES;
				CLANG_WARN_STRICT_PROTOTYPES = YES;
				CLANG_WARN_SUSPICIOUS_MOVE = YES;
				CLANG_WARN_UNGUARDED_AVAILABILITY = YES_AGGRESSIVE;
				CLANG_WARN_UNREACHABLE_CODE = YES;
				CLANG_WARN__DUPLICATE_METHOD_MATCH = YES;
				COPY_PHASE_STRIP = NO;
				DEBUG_INFORMATION_FORMAT = "dwarf-with-dsym";
				ENABLE_NS_ASSERTIONS = NO;
				ENABLE_STRICT_OBJC_MSGSEND = YES;
				GCC_C_LANGUAGE_STANDARD = gnu11;
				GCC_NO_COMMON_BLOCKS = YES;
				GCC_WARN_64_TO_32_BIT_CONVERSION = YES;
				GCC_WARN_ABOUT_RETURN_TYPE = YES_ERROR;
				GCC_WARN_UNDECLARED_SELECTOR = YES;
				GCC_WARN_UNINITIALIZED_AUTOS = YES_AGGRESSIVE;
				GCC_WARN_UNUSED_FUNCTION = YES;
				GCC_WARN_UNUSED_VARIABLE = YES;
				IPHONEOS_DEPLOYMENT_TARGET = 13.2;
				MTL_ENABLE_DEBUG_INFO = NO;
				MTL_FAST_MATH = YES;
				SDKROOT = iphoneos;
				SWIFT_COMPILATION_MODE = wholemodule;
				SWIFT_OPTIMIZATION_LEVEL = "-O";
				VALIDATE_PRODUCT = YES;
			};
			name = Release;
		};
		55E8305F237313FF0063054C /* Debug */ = {
			isa = XCBuildConfiguration;
			buildSettings = {
				ASSETCATALOG_COMPILER_APPICON_NAME = AppIcon;
				CODE_SIGN_STYLE = Automatic;
				DEVELOPMENT_TEAM = H28M339QJB;
				INFOPLIST_FILE = ThreeViewChallenge/Info.plist;
				LD_RUNPATH_SEARCH_PATHS = (
					"$(inherited)",
					"@executable_path/Frameworks",
				);
				PRODUCT_BUNDLE_IDENTIFIER = com.jaakkokentta.ThreeViewChallenge;
				PRODUCT_NAME = ThreeViewChallenge;
				SWIFT_VERSION = 5.0;
				TARGETED_DEVICE_FAMILY = "1,2";
			};
			name = Debug;
		};
		55E83060237313FF0063054C /* Release */ = {
			isa = XCBuildConfiguration;
			buildSettings = {
				ASSETCATALOG_COMPILER_APPICON_NAME = AppIcon;
				CODE_SIGN_STYLE = Automatic;
				DEVELOPMENT_TEAM = H28M339QJB;
				INFOPLIST_FILE = ThreeViewChallenge/Info.plist;
				LD_RUNPATH_SEARCH_PATHS = (
					"$(inherited)",
					"@executable_path/Frameworks",
				);
				PRODUCT_BUNDLE_IDENTIFIER = com.jaakkokentta.ThreeViewChallenge;
				PRODUCT_NAME = ThreeViewChallenge;
				SWIFT_VERSION = 5.0;
				TARGETED_DEVICE_FAMILY = "1,2";
			};
			name = Release;
		};
		55E830BE237338B50063054C /* Debug */ = {
			isa = XCBuildConfiguration;
			buildSettings = {
				BUNDLE_LOADER = "$(TEST_HOST)";
				CODE_SIGN_STYLE = Automatic;
				DEVELOPMENT_TEAM = H28M339QJB;
				INFOPLIST_FILE = ThreeViewChallengeTests/Info.plist;
				LD_RUNPATH_SEARCH_PATHS = (
					"$(inherited)",
					"@executable_path/Frameworks",
					"@loader_path/Frameworks",
				);
				PRODUCT_BUNDLE_IDENTIFIER = com.jaakkokentta.ThreeViewChallengeTests;
				PRODUCT_NAME = "$(TARGET_NAME)";
				SWIFT_VERSION = 5.0;
				TARGETED_DEVICE_FAMILY = "1,2";
				TEST_HOST = "$(BUILT_PRODUCTS_DIR)/ThreeViewChallenge.app/ThreeViewChallenge";
			};
			name = Debug;
		};
		55E830BF237338B50063054C /* Release */ = {
			isa = XCBuildConfiguration;
			buildSettings = {
				BUNDLE_LOADER = "$(TEST_HOST)";
				CODE_SIGN_STYLE = Automatic;
				DEVELOPMENT_TEAM = H28M339QJB;
				INFOPLIST_FILE = ThreeViewChallengeTests/Info.plist;
				LD_RUNPATH_SEARCH_PATHS = (
					"$(inherited)",
					"@executable_path/Frameworks",
					"@loader_path/Frameworks",
				);
				PRODUCT_BUNDLE_IDENTIFIER = com.jaakkokentta.ThreeViewChallengeTests;
				PRODUCT_NAME = "$(TARGET_NAME)";
				SWIFT_VERSION = 5.0;
				TARGETED_DEVICE_FAMILY = "1,2";
				TEST_HOST = "$(BUILT_PRODUCTS_DIR)/ThreeViewChallenge.app/ThreeViewChallenge";
			};
			name = Release;
		};
		55E830DA2373F09F0063054C /* Debug */ = {
			isa = XCBuildConfiguration;
			buildSettings = {
				CODE_SIGN_STYLE = Automatic;
				DEVELOPMENT_TEAM = H28M339QJB;
				INFOPLIST_FILE = ThreeViewChallengeUITests/Info.plist;
				LD_RUNPATH_SEARCH_PATHS = (
					"$(inherited)",
					"@executable_path/Frameworks",
					"@loader_path/Frameworks",
				);
				PRODUCT_BUNDLE_IDENTIFIER = com.jaakkokentta.ThreeViewChallengeUITests;
				PRODUCT_NAME = "$(TARGET_NAME)";
				SWIFT_VERSION = 5.0;
				TARGETED_DEVICE_FAMILY = "1,2";
				TEST_TARGET_NAME = ThreeViewChallenge;
			};
			name = Debug;
		};
		55E830DB2373F09F0063054C /* Release */ = {
			isa = XCBuildConfiguration;
			buildSettings = {
				CODE_SIGN_STYLE = Automatic;
				DEVELOPMENT_TEAM = H28M339QJB;
				INFOPLIST_FILE = ThreeViewChallengeUITests/Info.plist;
				LD_RUNPATH_SEARCH_PATHS = (
					"$(inherited)",
					"@executable_path/Frameworks",
					"@loader_path/Frameworks",
				);
				PRODUCT_BUNDLE_IDENTIFIER = com.jaakkokentta.ThreeViewChallengeUITests;
				PRODUCT_NAME = "$(TARGET_NAME)";
				SWIFT_VERSION = 5.0;
				TARGETED_DEVICE_FAMILY = "1,2";
				TEST_TARGET_NAME = ThreeViewChallenge;
			};
			name = Release;
		};
/* End XCBuildConfiguration section */

/* Begin XCConfigurationList section */
		55E83045237313FD0063054C /* Build configuration list for PBXProject "ThreeViewChallenge" */ = {
			isa = XCConfigurationList;
			buildConfigurations = (
				55E8305C237313FF0063054C /* Debug */,
				55E8305D237313FF0063054C /* Release */,
			);
			defaultConfigurationIsVisible = 0;
			defaultConfigurationName = Release;
		};
		55E8305E237313FF0063054C /* Build configuration list for PBXNativeTarget "ThreeViewChallenge" */ = {
			isa = XCConfigurationList;
			buildConfigurations = (
				55E8305F237313FF0063054C /* Debug */,
				55E83060237313FF0063054C /* Release */,
			);
			defaultConfigurationIsVisible = 0;
			defaultConfigurationName = Release;
		};
		55E830BD237338B50063054C /* Build configuration list for PBXNativeTarget "ThreeViewChallengeTests" */ = {
			isa = XCConfigurationList;
			buildConfigurations = (
				55E830BE237338B50063054C /* Debug */,
				55E830BF237338B50063054C /* Release */,
			);
			defaultConfigurationIsVisible = 0;
			defaultConfigurationName = Release;
		};
		55E830D92373F09F0063054C /* Build configuration list for PBXNativeTarget "ThreeViewChallengeUITests" */ = {
			isa = XCConfigurationList;
			buildConfigurations = (
				55E830DA2373F09F0063054C /* Debug */,
				55E830DB2373F09F0063054C /* Release */,
			);
			defaultConfigurationIsVisible = 0;
			defaultConfigurationName = Release;
		};
/* End XCConfigurationList section */
	};
	rootObject = 55E83042237313FD0063054C /* Project object */;
}
